
Microsoft Visual Studio Solution File, Format Version 12.00
# Visual Studio Version 17
VisualStudioVersion = 17.2.32505.173
MinimumVisualStudioVersion = 10.0.40219.1
Project("{FAE04EC0-301F-11D3-BF4B-00C04F79EFBC}") = "CLIOptions", "CLIOptions.csproj", "{AEC3E336-6B7D-4C09-91AB-7DD5C6DE5331}"
EndProject
Global
	GlobalSection(SolutionConfigurationPlatforms) = preSolution
		Debug|Any CPU = Debug|Any CPU
		Release|Any CPU = Release|Any CPU
	EndGlobalSection
	GlobalSection(ProjectConfigurationPlatforms) = postSolution
		{AEC3E336-6B7D-4C09-91AB-7DD5C6DE5331}.Debug|Any CPU.ActiveCfg = Debug|Any CPU
		{AEC3E336-6B7D-4C09-91AB-7DD5C6DE5331}.Debug|Any CPU.Build.0 = Debug|Any CPU
		{AEC3E336-6B7D-4C09-91AB-7DD5C6DE5331}.Release|Any CPU.ActiveCfg = Release|Any CPU
		{AEC3E336-6B7D-4C09-91AB-7DD5C6DE5331}.Release|Any CPU.Build.0 = Release|Any CPU
	EndGlobalSection
	GlobalSection(SolutionProperties) = preSolution
		HideSolutionNode = FALSE
	EndGlobalSection
	GlobalSection(ExtensibilityGlobals) = postSolution
		SolutionGuid = {36DCF478-A86B-423D-8625-CD63C4F317DC}
	EndGlobalSection
EndGlobal
